
Microsoft Visual Studio Solution File, Format Version 12.00
# Visual Studio Version 17
VisualStudioVersion = 17.14.36221.1
MinimumVisualStudioVersion = 10.0.40219.1
Project("{FAE04EC0-301F-11D3-BF4B-00C04F79EFBC}") = "H-Reservation", "H-Reservation\H-Reservation.csproj", "{553A366F-CAC4-4F76-ABBB-CA31A084AB2A}"
EndProject
Project("{FAE04EC0-301F-11D3-BF4B-00C04F79EFBC}") = "H_Domain", "Hotel\H_Domain.csproj", "{D6BF0BBE-FAAA-4B7E-A834-6DCE5881ADE1}"
EndProject
Project("{FAE04EC0-301F-11D3-BF4B-00C04F79EFBC}") = "H_Application", "H-application\H_Application.csproj", "{74B5242D-5298-4713-A565-C303023910A1}"
EndProject
Global
	GlobalSection(SolutionConfigurationPlatforms) = preSolution
		Debug|Any CPU = Debug|Any CPU
		Release|Any CPU = Release|Any CPU
	EndGlobalSection
	GlobalSection(ProjectConfigurationPlatforms) = postSolution
		{553A366F-CAC4-4F76-ABBB-CA31A084AB2A}.Debug|Any CPU.ActiveCfg = Debug|Any CPU
		{553A366F-CAC4-4F76-ABBB-CA31A084AB2A}.Debug|Any CPU.Build.0 = Debug|Any CPU
		{553A366F-CAC4-4F76-ABBB-CA31A084AB2A}.Release|Any CPU.ActiveCfg = Release|Any CPU
		{553A366F-CAC4-4F76-ABBB-CA31A084AB2A}.Release|Any CPU.Build.0 = Release|Any CPU
		{D6BF0BBE-FAAA-4B7E-A834-6DCE5881ADE1}.Debug|Any CPU.ActiveCfg = Debug|Any CPU
		{D6BF0BBE-FAAA-4B7E-A834-6DCE5881ADE1}.Debug|Any CPU.Build.0 = Debug|Any CPU
		{D6BF0BBE-FAAA-4B7E-A834-6DCE5881ADE1}.Release|Any CPU.ActiveCfg = Release|Any CPU
		{D6BF0BBE-FAAA-4B7E-A834-6DCE5881ADE1}.Release|Any CPU.Build.0 = Release|Any CPU
		{74B5242D-5298-4713-A565-C303023910A1}.Debug|Any CPU.ActiveCfg = Debug|Any CPU
		{74B5242D-5298-4713-A565-C303023910A1}.Debug|Any CPU.Build.0 = Debug|Any CPU
		{74B5242D-5298-4713-A565-C303023910A1}.Release|Any CPU.ActiveCfg = Release|Any CPU
		{74B5242D-5298-4713-A565-C303023910A1}.Release|Any CPU.Build.0 = Release|Any CPU
	EndGlobalSection
	GlobalSection(SolutionProperties) = preSolution
		HideSolutionNode = FALSE
	EndGlobalSection
	GlobalSection(ExtensibilityGlobals) = postSolution
		SolutionGuid = {48B97AA0-4A47-4480-B2BA-4E11C5062B84}
	EndGlobalSection
EndGlobal
